
Microsoft Visual Studio Solution File, Format Version 12.00
# Visual Studio Version 16
VisualStudioVersion = 16.0.30204.135
MinimumVisualStudioVersion = 10.0.40219.1
Project("{FAE04EC0-301F-11D3-BF4B-00C04F79EFBC}") = "CodeExamples", "CodeExamples\CodeExamples.csproj", "{C20C5A73-1EFB-4B70-9A9E-267B66CA1310}"
EndProject
Global
	GlobalSection(SolutionConfigurationPlatforms) = preSolution
		Debug|Any CPU = Debug|Any CPU
		Release|Any CPU = Release|Any CPU
	EndGlobalSection
	GlobalSection(ProjectConfigurationPlatforms) = postSolution
		{C20C5A73-1EFB-4B70-9A9E-267B66CA1310}.Debug|Any CPU.ActiveCfg = Debug|Any CPU
		{C20C5A73-1EFB-4B70-9A9E-267B66CA1310}.Debug|Any CPU.Build.0 = Debug|Any CPU
		{C20C5A73-1EFB-4B70-9A9E-267B66CA1310}.Release|Any CPU.ActiveCfg = Release|Any CPU
		{C20C5A73-1EFB-4B70-9A9E-267B66CA1310}.Release|Any CPU.Build.0 = Release|Any CPU
	EndGlobalSection
	GlobalSection(SolutionProperties) = preSolution
		HideSolutionNode = FALSE
	EndGlobalSection
	GlobalSection(ExtensibilityGlobals) = postSolution
		SolutionGuid = {8F2DFC6D-C6D1-430C-87DE-2E10E5B1FEEF}
	EndGlobalSection
EndGlobal
